
Microsoft Visual Studio Solution File, Format Version 12.00
# Visual Studio Version 17
VisualStudioVersion = 17.9.34728.123
MinimumVisualStudioVersion = 10.0.40219.1
Project("{9A19103F-16F7-4668-BE54-9A1E7A4F7556}") = "Homework5_CV", "Homework5_CV\Homework5_CV.csproj", "{B63185C6-CEB6-4ED4-8271-D2D1B0CE942E}"
EndProject
Global
	GlobalSection(SolutionConfigurationPlatforms) = preSolution
		Debug|Any CPU = Debug|Any CPU
		Release|Any CPU = Release|Any CPU
	EndGlobalSection
	GlobalSection(ProjectConfigurationPlatforms) = postSolution
		{B63185C6-CEB6-4ED4-8271-D2D1B0CE942E}.Debug|Any CPU.ActiveCfg = Debug|Any CPU
		{B63185C6-CEB6-4ED4-8271-D2D1B0CE942E}.Debug|Any CPU.Build.0 = Debug|Any CPU
		{B63185C6-CEB6-4ED4-8271-D2D1B0CE942E}.Release|Any CPU.ActiveCfg = Release|Any CPU
		{B63185C6-CEB6-4ED4-8271-D2D1B0CE942E}.Release|Any CPU.Build.0 = Release|Any CPU
	EndGlobalSection
	GlobalSection(SolutionProperties) = preSolution
		HideSolutionNode = FALSE
	EndGlobalSection
	GlobalSection(ExtensibilityGlobals) = postSolution
		SolutionGuid = {33FA1CDB-BBCF-4793-931A-F4DB3226A231}
	EndGlobalSection
EndGlobal
